
Microsoft Visual Studio Solution File, Format Version 12.00
# Visual Studio Version 17
VisualStudioVersion = 17.14.36327.8 d17.14
MinimumVisualStudioVersion = 10.0.40219.1
Project("{FAE04EC0-301F-11D3-BF4B-00C04F79EFBC}") = "ticketprice", "ticketprice\ticketprice.csproj", "{A17AEFD7-0733-4874-A3B1-15553184EA3F}"
EndProject
Global
	GlobalSection(SolutionConfigurationPlatforms) = preSolution
		Debug|Any CPU = Debug|Any CPU
		Release|Any CPU = Release|Any CPU
	EndGlobalSection
	GlobalSection(ProjectConfigurationPlatforms) = postSolution
		{A17AEFD7-0733-4874-A3B1-15553184EA3F}.Debug|Any CPU.ActiveCfg = Debug|Any CPU
		{A17AEFD7-0733-4874-A3B1-15553184EA3F}.Debug|Any CPU.Build.0 = Debug|Any CPU
		{A17AEFD7-0733-4874-A3B1-15553184EA3F}.Release|Any CPU.ActiveCfg = Release|Any CPU
		{A17AEFD7-0733-4874-A3B1-15553184EA3F}.Release|Any CPU.Build.0 = Release|Any CPU
	EndGlobalSection
	GlobalSection(SolutionProperties) = preSolution
		HideSolutionNode = FALSE
	EndGlobalSection
	GlobalSection(ExtensibilityGlobals) = postSolution
		SolutionGuid = {95274850-CC8A-431C-A0C7-ABBF6071D17A}
	EndGlobalSection
EndGlobal
